// !$*UTF8*$!
{
	archiveVersion = 1;
	classes = {
	};
	objectVersion = 55;
	objects = {

/* Begin PBXBuildFile section */
		32456FF8291100AC005BDAEC /* AppDelegate.swift in Sources */ = {isa = PBXBuildFile; fileRef = 32456FF7291100AC005BDAEC /* AppDelegate.swift */; };
		32456FFA291100AC005BDAEC /* SceneDelegate.swift in Sources */ = {isa = PBXBuildFile; fileRef = 32456FF9291100AC005BDAEC /* SceneDelegate.swift */; };
		32456FFF291100AC005BDAEC /* Main.storyboard in Resources */ = {isa = PBXBuildFile; fileRef = 32456FFD291100AC005BDAEC /* Main.storyboard */; };
		32457001291100AD005BDAEC /* Assets.xcassets in Resources */ = {isa = PBXBuildFile; fileRef = 32457000291100AD005BDAEC /* Assets.xcassets */; };
		32457004291100AD005BDAEC /* LaunchScreen.storyboard in Resources */ = {isa = PBXBuildFile; fileRef = 32457002291100AD005BDAEC /* LaunchScreen.storyboard */; };
		3272EAFC294E6F1F0097A3C3 /* AppleLoginViewController.swift in Sources */ = {isa = PBXBuildFile; fileRef = 3272EAFB294E6F1F0097A3C3 /* AppleLoginViewController.swift */; };
		3272EB09294E6FDF0097A3C3 /* MainTableViewController.swift in Sources */ = {isa = PBXBuildFile; fileRef = 3272EB08294E6FDF0097A3C3 /* MainTableViewController.swift */; };
		3272EB0B294E6FF50097A3C3 /* MainViewController.swift in Sources */ = {isa = PBXBuildFile; fileRef = 3272EB0A294E6FF40097A3C3 /* MainViewController.swift */; };
		3272EB0D294E700B0097A3C3 /* MainCollectionViewCell.swift in Sources */ = {isa = PBXBuildFile; fileRef = 3272EB0C294E700B0097A3C3 /* MainCollectionViewCell.swift */; };
		3285C7B5294EE75400F92A59 /* MainCollectionViewCell.xib in Resources */ = {isa = PBXBuildFile; fileRef = 3285C7B4294EE75400F92A59 /* MainCollectionViewCell.xib */; };
		3285C7B9294EFBEF00F92A59 /* AnimatingBarButton.swift in Sources */ = {isa = PBXBuildFile; fileRef = 3285C7B8294EFBEF00F92A59 /* AnimatingBarButton.swift */; };
		3285C7BC294EFC1000F92A59 /* Rotatable.swift in Sources */ = {isa = PBXBuildFile; fileRef = 3285C7BB294EFC1000F92A59 /* Rotatable.swift */; };
		32C78653296656C800C919CE /* DetailTableViewCell.swift in Sources */ = {isa = PBXBuildFile; fileRef = 32C78652296656C800C919CE /* DetailTableViewCell.swift */; };
		32C786552966572000C919CE /* DetailTableViewCell.xib in Resources */ = {isa = PBXBuildFile; fileRef = 32C786542966572000C919CE /* DetailTableViewCell.xib */; };
		C942F132D8CE7F51D284A6C6 /* Pods_PhotoLog.framework in Frameworks */ = {isa = PBXBuildFile; fileRef = 61A55268F825AF5EF0AF53BF /* Pods_PhotoLog.framework */; };
/* End PBXBuildFile section */

/* Begin PBXFileReference section */
		32456FF4291100AC005BDAEC /* PhotoLog.app */ = {isa = PBXFileReference; explicitFileType = wrapper.application; includeInIndex = 0; path = PhotoLog.app; sourceTree = BUILT_PRODUCTS_DIR; };
		32456FF7291100AC005BDAEC /* AppDelegate.swift */ = {isa = PBXFileReference; lastKnownFileType = sourcecode.swift; path = AppDelegate.swift; sourceTree = "<group>"; };
		32456FF9291100AC005BDAEC /* SceneDelegate.swift */ = {isa = PBXFileReference; lastKnownFileType = sourcecode.swift; path = SceneDelegate.swift; sourceTree = "<group>"; };
		32456FFE291100AC005BDAEC /* Base */ = {isa = PBXFileReference; lastKnownFileType = file.storyboard; name = Base; path = Base.lproj/Main.storyboard; sourceTree = "<group>"; };
		32457000291100AD005BDAEC /* Assets.xcassets */ = {isa = PBXFileReference; lastKnownFileType = folder.assetcatalog; path = Assets.xcassets; sourceTree = "<group>"; };
		32457003291100AD005BDAEC /* Base */ = {isa = PBXFileReference; lastKnownFileType = file.storyboard; name = Base; path = Base.lproj/LaunchScreen.storyboard; sourceTree = "<group>"; };
		32457005291100AD005BDAEC /* Info.plist */ = {isa = PBXFileReference; lastKnownFileType = text.plist.xml; path = Info.plist; sourceTree = "<group>"; };
		3272EAFB294E6F1F0097A3C3 /* AppleLoginViewController.swift */ = {isa = PBXFileReference; lastKnownFileType = sourcecode.swift; path = AppleLoginViewController.swift; sourceTree = "<group>"; };
		3272EB08294E6FDF0097A3C3 /* MainTableViewController.swift */ = {isa = PBXFileReference; lastKnownFileType = sourcecode.swift; path = MainTableViewController.swift; sourceTree = "<group>"; };
		3272EB0A294E6FF40097A3C3 /* MainViewController.swift */ = {isa = PBXFileReference; lastKnownFileType = sourcecode.swift; path = MainViewController.swift; sourceTree = "<group>"; };
		3272EB0C294E700B0097A3C3 /* MainCollectionViewCell.swift */ = {isa = PBXFileReference; lastKnownFileType = sourcecode.swift; path = MainCollectionViewCell.swift; sourceTree = "<group>"; };
		3285C7B4294EE75400F92A59 /* MainCollectionViewCell.xib */ = {isa = PBXFileReference; fileEncoding = 4; lastKnownFileType = file.xib; path = MainCollectionViewCell.xib; sourceTree = "<group>"; };
		3285C7B8294EFBEF00F92A59 /* AnimatingBarButton.swift */ = {isa = PBXFileReference; lastKnownFileType = sourcecode.swift; path = AnimatingBarButton.swift; sourceTree = "<group>"; };
		3285C7BB294EFC1000F92A59 /* Rotatable.swift */ = {isa = PBXFileReference; lastKnownFileType = sourcecode.swift; path = Rotatable.swift; sourceTree = "<group>"; };
		32964DF42924855C0054621E /* PhotoLog.entitlements */ = {isa = PBXFileReference; lastKnownFileType = text.plist.entitlements; path = PhotoLog.entitlements; sourceTree = "<group>"; };
		32C78652296656C800C919CE /* DetailTableViewCell.swift */ = {isa = PBXFileReference; lastKnownFileType = sourcecode.swift; path = DetailTableViewCell.swift; sourceTree = "<group>"; };
		32C786542966572000C919CE /* DetailTableViewCell.xib */ = {isa = PBXFileReference; lastKnownFileType = file.xib; path = DetailTableViewCell.xib; sourceTree = "<group>"; };
		61A55268F825AF5EF0AF53BF /* Pods_PhotoLog.framework */ = {isa = PBXFileReference; explicitFileType = wrapper.framework; includeInIndex = 0; path = Pods_PhotoLog.framework; sourceTree = BUILT_PRODUCTS_DIR; };
		957DCE248137EB30E0F13B9E /* Pods-PhotoLog.release.xcconfig */ = {isa = PBXFileReference; includeInIndex = 1; lastKnownFileType = text.xcconfig; name = "Pods-PhotoLog.release.xcconfig"; path = "Target Support Files/Pods-PhotoLog/Pods-PhotoLog.release.xcconfig"; sourceTree = "<group>"; };
		9C01BBEA7C8412FC00F9740E /* Pods-PhotoLog.debug.xcconfig */ = {isa = PBXFileReference; includeInIndex = 1; lastKnownFileType = text.xcconfig; name = "Pods-PhotoLog.debug.xcconfig"; path = "Target Support Files/Pods-PhotoLog/Pods-PhotoLog.debug.xcconfig"; sourceTree = "<group>"; };
/* End PBXFileReference section */

/* Begin PBXFrameworksBuildPhase section */
		32456FF1291100AC005BDAEC /* Frameworks */ = {
			isa = PBXFrameworksBuildPhase;
			buildActionMask = 2147483647;
			files = (
				C942F132D8CE7F51D284A6C6 /* Pods_PhotoLog.framework in Frameworks */,
			);
			runOnlyForDeploymentPostprocessing = 0;
		};
/* End PBXFrameworksBuildPhase section */

/* Begin PBXGroup section */
		32456FEB291100AC005BDAEC = {
			isa = PBXGroup;
			children = (
				32456FF6291100AC005BDAEC /* PhotoLog */,
				32456FF5291100AC005BDAEC /* Products */,
				FDC0913490019A46FB454DD3 /* Pods */,
				83B814E017AB3D862CAFD8A3 /* Frameworks */,
			);
			sourceTree = "<group>";
		};
		32456FF5291100AC005BDAEC /* Products */ = {
			isa = PBXGroup;
			children = (
				32456FF4291100AC005BDAEC /* PhotoLog.app */,
			);
			name = Products;
			sourceTree = "<group>";
		};
		32456FF6291100AC005BDAEC /* PhotoLog */ = {
			isa = PBXGroup;
			children = (
				3285C7B6294EFBD200F92A59 /* View */,
				3272EB04294E6F870097A3C3 /* ViewControllers */,
				32964DF42924855C0054621E /* PhotoLog.entitlements */,
				32456FF7291100AC005BDAEC /* AppDelegate.swift */,
				32456FF9291100AC005BDAEC /* SceneDelegate.swift */,
				32456FFD291100AC005BDAEC /* Main.storyboard */,
				32457000291100AD005BDAEC /* Assets.xcassets */,
				32457002291100AD005BDAEC /* LaunchScreen.storyboard */,
				32457005291100AD005BDAEC /* Info.plist */,
			);
			path = PhotoLog;
			sourceTree = "<group>";
		};
		3272EB04294E6F870097A3C3 /* ViewControllers */ = {
			isa = PBXGroup;
			children = (
				3285C7B1294E778100F92A59 /* AppleLoginViewController */,
				3272EB06294E6FB50097A3C3 /* MainTableViewController */,
				3272EB05294E6FAC0097A3C3 /* MainViewController */,
			);
			path = ViewControllers;
			sourceTree = "<group>";
		};
		3272EB05294E6FAC0097A3C3 /* MainViewController */ = {
			isa = PBXGroup;
			children = (
				3272EB07294E6FC80097A3C3 /* Cells */,
				3272EB0A294E6FF40097A3C3 /* MainViewController.swift */,
			);
			path = MainViewController;
			sourceTree = "<group>";
		};
		3272EB06294E6FB50097A3C3 /* MainTableViewController */ = {
			isa = PBXGroup;
			children = (
				32C7865129664FFD00C919CE /* Cells */,
				3272EB08294E6FDF0097A3C3 /* MainTableViewController.swift */,
			);
			path = MainTableViewController;
			sourceTree = "<group>";
		};
		3272EB07294E6FC80097A3C3 /* Cells */ = {
			isa = PBXGroup;
			children = (
				3285C7B4294EE75400F92A59 /* MainCollectionViewCell.xib */,
				3272EB0C294E700B0097A3C3 /* MainCollectionViewCell.swift */,
			);
			path = Cells;
			sourceTree = "<group>";
		};
		3285C7B1294E778100F92A59 /* AppleLoginViewController */ = {
			isa = PBXGroup;
			children = (
				3272EAFB294E6F1F0097A3C3 /* AppleLoginViewController.swift */,
			);
			path = AppleLoginViewController;
			sourceTree = "<group>";
		};
		3285C7B6294EFBD200F92A59 /* View */ = {
			isa = PBXGroup;
			children = (
				3285C7B7294EFBE000F92A59 /* AnimatingBarButton */,
			);
			path = View;
			sourceTree = "<group>";
		};
		3285C7B7294EFBE000F92A59 /* AnimatingBarButton */ = {
			isa = PBXGroup;
			children = (
				3285C7BA294EFBFB00F92A59 /* Animations */,
				3285C7B8294EFBEF00F92A59 /* AnimatingBarButton.swift */,
			);
			path = AnimatingBarButton;
			sourceTree = "<group>";
		};
		3285C7BA294EFBFB00F92A59 /* Animations */ = {
			isa = PBXGroup;
			children = (
				3285C7BB294EFC1000F92A59 /* Rotatable.swift */,
			);
			path = Animations;
			sourceTree = "<group>";
		};
		32C7865129664FFD00C919CE /* Cells */ = {
			isa = PBXGroup;
			children = (
				32C78652296656C800C919CE /* DetailTableViewCell.swift */,
				32C786542966572000C919CE /* DetailTableViewCell.xib */,
			);
			path = Cells;
			sourceTree = "<group>";
		};
		83B814E017AB3D862CAFD8A3 /* Frameworks */ = {
			isa = PBXGroup;
			children = (
				61A55268F825AF5EF0AF53BF /* Pods_PhotoLog.framework */,
			);
			name = Frameworks;
			sourceTree = "<group>";
		};
		FDC0913490019A46FB454DD3 /* Pods */ = {
			isa = PBXGroup;
			children = (
				9C01BBEA7C8412FC00F9740E /* Pods-PhotoLog.debug.xcconfig */,
				957DCE248137EB30E0F13B9E /* Pods-PhotoLog.release.xcconfig */,
			);
			path = Pods;
			sourceTree = "<group>";
		};
/* End PBXGroup section */

/* Begin PBXNativeTarget section */
		32456FF3291100AC005BDAEC /* PhotoLog */ = {
			isa = PBXNativeTarget;
			buildConfigurationList = 32457008291100AD005BDAEC /* Build configuration list for PBXNativeTarget "PhotoLog" */;
			buildPhases = (
				6A0868322834B76F2F3FF5B1 /* [CP] Check Pods Manifest.lock */,
				32456FF0291100AC005BDAEC /* Sources */,
				32456FF1291100AC005BDAEC /* Frameworks */,
				32456FF2291100AC005BDAEC /* Resources */,
				F70CACFDE7DFF131426BBE28 /* [CP] Embed Pods Frameworks */,
			);
			buildRules = (
			);
			dependencies = (
			);
			name = PhotoLog;
			productName = TimeCapsule;
			productReference = 32456FF4291100AC005BDAEC /* PhotoLog.app */;
			productType = "com.apple.product-type.application";
		};
/* End PBXNativeTarget section */

/* Begin PBXProject section */
		32456FEC291100AC005BDAEC /* Project object */ = {
			isa = PBXProject;
			attributes = {
				BuildIndependentTargetsInParallel = 1;
				LastSwiftUpdateCheck = 1300;
				LastUpgradeCheck = 1300;
				TargetAttributes = {
					32456FF3291100AC005BDAEC = {
						CreatedOnToolsVersion = 13.0;
					};
				};
			};
			buildConfigurationList = 32456FEF291100AC005BDAEC /* Build configuration list for PBXProject "PhotoLog" */;
			compatibilityVersion = "Xcode 13.0";
			developmentRegion = en;
			hasScannedForEncodings = 0;
			knownRegions = (
				en,
				Base,
			);
			mainGroup = 32456FEB291100AC005BDAEC;
			productRefGroup = 32456FF5291100AC005BDAEC /* Products */;
			projectDirPath = "";
			projectRoot = "";
			targets = (
				32456FF3291100AC005BDAEC /* PhotoLog */,
			);
		};
/* End PBXProject section */

/* Begin PBXResourcesBuildPhase section */
		32456FF2291100AC005BDAEC /* Resources */ = {
			isa = PBXResourcesBuildPhase;
			buildActionMask = 2147483647;
			files = (
				32457004291100AD005BDAEC /* LaunchScreen.storyboard in Resources */,
				32C786552966572000C919CE /* DetailTableViewCell.xib in Resources */,
				32457001291100AD005BDAEC /* Assets.xcassets in Resources */,
				32456FFF291100AC005BDAEC /* Main.storyboard in Resources */,
				3285C7B5294EE75400F92A59 /* MainCollectionViewCell.xib in Resources */,
			);
			runOnlyForDeploymentPostprocessing = 0;
		};
/* End PBXResourcesBuildPhase section */

/* Begin PBXShellScriptBuildPhase section */
		6A0868322834B76F2F3FF5B1 /* [CP] Check Pods Manifest.lock */ = {
			isa = PBXShellScriptBuildPhase;
			buildActionMask = 2147483647;
			files = (
			);
			inputFileListPaths = (
			);
			inputPaths = (
				"${PODS_PODFILE_DIR_PATH}/Podfile.lock",
				"${PODS_ROOT}/Manifest.lock",
			);
			name = "[CP] Check Pods Manifest.lock";
			outputFileListPaths = (
			);
			outputPaths = (
				"$(DERIVED_FILE_DIR)/Pods-PhotoLog-checkManifestLockResult.txt",
			);
			runOnlyForDeploymentPostprocessing = 0;
			shellPath = /bin/sh;
			shellScript = "diff \"${PODS_PODFILE_DIR_PATH}/Podfile.lock\" \"${PODS_ROOT}/Manifest.lock\" > /dev/null\nif [ $? != 0 ] ; then\n    # print error to STDERR\n    echo \"error: The sandbox is not in sync with the Podfile.lock. Run 'pod install' or update your CocoaPods installation.\" >&2\n    exit 1\nfi\n# This output is used by Xcode 'outputs' to avoid re-running this script phase.\necho \"SUCCESS\" > \"${SCRIPT_OUTPUT_FILE_0}\"\n";
			showEnvVarsInLog = 0;
		};
		F70CACFDE7DFF131426BBE28 /* [CP] Embed Pods Frameworks */ = {
			isa = PBXShellScriptBuildPhase;
			buildActionMask = 2147483647;
			files = (
			);
			inputFileListPaths = (
				"${PODS_ROOT}/Target Support Files/Pods-PhotoLog/Pods-PhotoLog-frameworks-${CONFIGURATION}-input-files.xcfilelist",
			);
			name = "[CP] Embed Pods Frameworks";
			outputFileListPaths = (
				"${PODS_ROOT}/Target Support Files/Pods-PhotoLog/Pods-PhotoLog-frameworks-${CONFIGURATION}-output-files.xcfilelist",
			);
			runOnlyForDeploymentPostprocessing = 0;
			shellPath = /bin/sh;
			shellScript = "\"${PODS_ROOT}/Target Support Files/Pods-PhotoLog/Pods-PhotoLog-frameworks.sh\"\n";
			showEnvVarsInLog = 0;
		};
/* End PBXShellScriptBuildPhase section */

/* Begin PBXSourcesBuildPhase section */
		32456FF0291100AC005BDAEC /* Sources */ = {
			isa = PBXSourcesBuildPhase;
			buildActionMask = 2147483647;
			files = (
				32C78653296656C800C919CE /* DetailTableViewCell.swift in Sources */,
				3285C7BC294EFC1000F92A59 /* Rotatable.swift in Sources */,
				3272EB09294E6FDF0097A3C3 /* MainTableViewController.swift in Sources */,
				3272EB0B294E6FF50097A3C3 /* MainViewController.swift in Sources */,
				3285C7B9294EFBEF00F92A59 /* AnimatingBarButton.swift in Sources */,
				32456FF8291100AC005BDAEC /* AppDelegate.swift in Sources */,
				3272EB0D294E700B0097A3C3 /* MainCollectionViewCell.swift in Sources */,
				32456FFA291100AC005BDAEC /* SceneDelegate.swift in Sources */,
				3272EAFC294E6F1F0097A3C3 /* AppleLoginViewController.swift in Sources */,
			);
			runOnlyForDeploymentPostprocessing = 0;
		};
/* End PBXSourcesBuildPhase section */

/* Begin PBXVariantGroup section */
		32456FFD291100AC005BDAEC /* Main.storyboard */ = {
			isa = PBXVariantGroup;
			children = (
				32456FFE291100AC005BDAEC /* Base */,
			);
			name = Main.storyboard;
			sourceTree = "<group>";
		};
		32457002291100AD005BDAEC /* LaunchScreen.storyboard */ = {
			isa = PBXVariantGroup;
			children = (
				32457003291100AD005BDAEC /* Base */,
			);
			name = LaunchScreen.storyboard;
			sourceTree = "<group>";
		};
/* End PBXVariantGroup section */

/* Begin XCBuildConfiguration section */
		32457006291100AD005BDAEC /* Debug */ = {
			isa = XCBuildConfiguration;
			buildSettings = {
				ALWAYS_SEARCH_USER_PATHS = NO;
				CLANG_ANALYZER_NONNULL = YES;
				CLANG_ANALYZER_NUMBER_OBJECT_CONVERSION = YES_AGGRESSIVE;
				CLANG_CXX_LANGUAGE_STANDARD = "gnu++17";
				CLANG_CXX_LIBRARY = "libc++";
				CLANG_ENABLE_MODULES = YES;
				CLANG_ENABLE_OBJC_ARC = YES;
				CLANG_ENABLE_OBJC_WEAK = YES;
				CLANG_WARN_BLOCK_CAPTURE_AUTORELEASING = YES;
				CLANG_WARN_BOOL_CONVERSION = YES;
				CLANG_WARN_COMMA = YES;
				CLANG_WARN_CONSTANT_CONVERSION = YES;
				CLANG_WARN_DEPRECATED_OBJC_IMPLEMENTATIONS = YES;
				CLANG_WARN_DIRECT_OBJC_ISA_USAGE = YES_ERROR;
				CLANG_WARN_DOCUMENTATION_COMMENTS = YES;
				CLANG_WARN_EMPTY_BODY = YES;
				CLANG_WARN_ENUM_CONVERSION = YES;
				CLANG_WARN_INFINITE_RECURSION = YES;
				CLANG_WARN_INT_CONVERSION = YES;
				CLANG_WARN_NON_LITERAL_NULL_CONVERSION = YES;
				CLANG_WARN_OBJC_IMPLICIT_RETAIN_SELF = YES;
				CLANG_WARN_OBJC_LITERAL_CONVERSION = YES;
				CLANG_WARN_OBJC_ROOT_CLASS = YES_ERROR;
				CLANG_WARN_QUOTED_INCLUDE_IN_FRAMEWORK_HEADER = YES;
				CLANG_WARN_RANGE_LOOP_ANALYSIS = YES;
				CLANG_WARN_STRICT_PROTOTYPES = YES;
				CLANG_WARN_SUSPICIOUS_MOVE = YES;
				CLANG_WARN_UNGUARDED_AVAILABILITY = YES_AGGRESSIVE;
				CLANG_WARN_UNREACHABLE_CODE = YES;
				CLANG_WARN__DUPLICATE_METHOD_MATCH = YES;
				COPY_PHASE_STRIP = NO;
				DEBUG_INFORMATION_FORMAT = dwarf;
				ENABLE_STRICT_OBJC_MSGSEND = YES;
				ENABLE_TESTABILITY = YES;
				GCC_C_LANGUAGE_STANDARD = gnu11;
				GCC_DYNAMIC_NO_PIC = NO;
				GCC_NO_COMMON_BLOCKS = YES;
				GCC_OPTIMIZATION_LEVEL = 0;
				GCC_PREPROCESSOR_DEFINITIONS = (
					"DEBUG=1",
					"$(inherited)",
				);
				GCC_WARN_64_TO_32_BIT_CONVERSION = YES;
				GCC_WARN_ABOUT_RETURN_TYPE = YES_ERROR;
				GCC_WARN_UNDECLARED_SELECTOR = YES;
				GCC_WARN_UNINITIALIZED_AUTOS = YES_AGGRESSIVE;
				GCC_WARN_UNUSED_FUNCTION = YES;
				GCC_WARN_UNUSED_VARIABLE = YES;
				IPHONEOS_DEPLOYMENT_TARGET = 15.0;
				MTL_ENABLE_DEBUG_INFO = INCLUDE_SOURCE;
				MTL_FAST_MATH = YES;
				ONLY_ACTIVE_ARCH = YES;
				SDKROOT = iphoneos;
				SWIFT_ACTIVE_COMPILATION_CONDITIONS = DEBUG;
				SWIFT_OPTIMIZATION_LEVEL = "-Onone";
			};
			name = Debug;
		};
		32457007291100AD005BDAEC /* Release */ = {
			isa = XCBuildConfiguration;
			buildSettings = {
				ALWAYS_SEARCH_USER_PATHS = NO;
				CLANG_ANALYZER_NONNULL = YES;
				CLANG_ANALYZER_NUMBER_OBJECT_CONVERSION = YES_AGGRESSIVE;
				CLANG_CXX_LANGUAGE_STANDARD = "gnu++17";
				CLANG_CXX_LIBRARY = "libc++";
				CLANG_ENABLE_MODULES = YES;
				CLANG_ENABLE_OBJC_ARC = YES;
				CLANG_ENABLE_OBJC_WEAK = YES;
				CLANG_WARN_BLOCK_CAPTURE_AUTORELEASING = YES;
				CLANG_WARN_BOOL_CONVERSION = YES;
				CLANG_WARN_COMMA = YES;
				CLANG_WARN_CONSTANT_CONVERSION = YES;
				CLANG_WARN_DEPRECATED_OBJC_IMPLEMENTATIONS = YES;
				CLANG_WARN_DIRECT_OBJC_ISA_USAGE = YES_ERROR;
				CLANG_WARN_DOCUMENTATION_COMMENTS = YES;
				CLANG_WARN_EMPTY_BODY = YES;
				CLANG_WARN_ENUM_CONVERSION = YES;
				CLANG_WARN_INFINITE_RECURSION = YES;
				CLANG_WARN_INT_CONVERSION = YES;
				CLANG_WARN_NON_LITERAL_NULL_CONVERSION = YES;
				CLANG_WARN_OBJC_IMPLICIT_RETAIN_SELF = YES;
				CLANG_WARN_OBJC_LITERAL_CONVERSION = YES;
				CLANG_WARN_OBJC_ROOT_CLASS = YES_ERROR;
				CLANG_WARN_QUOTED_INCLUDE_IN_FRAMEWORK_HEADER = YES;
				CLANG_WARN_RANGE_LOOP_ANALYSIS = YES;
				CLANG_WARN_STRICT_PROTOTYPES = YES;
				CLANG_WARN_SUSPICIOUS_MOVE = YES;
				CLANG_WARN_UNGUARDED_AVAILABILITY = YES_AGGRESSIVE;
				CLANG_WARN_UNREACHABLE_CODE = YES;
				CLANG_WARN__DUPLICATE_METHOD_MATCH = YES;
				COPY_PHASE_STRIP = NO;
				DEBUG_INFORMATION_FORMAT = "dwarf-with-dsym";
				ENABLE_NS_ASSERTIONS = NO;
				ENABLE_STRICT_OBJC_MSGSEND = YES;
				GCC_C_LANGUAGE_STANDARD = gnu11;
				GCC_NO_COMMON_BLOCKS = YES;
				GCC_WARN_64_TO_32_BIT_CONVERSION = YES;
				GCC_WARN_ABOUT_RETURN_TYPE = YES_ERROR;
				GCC_WARN_UNDECLARED_SELECTOR = YES;
				GCC_WARN_UNINITIALIZED_AUTOS = YES_AGGRESSIVE;
				GCC_WARN_UNUSED_FUNCTION = YES;
				GCC_WARN_UNUSED_VARIABLE = YES;
				IPHONEOS_DEPLOYMENT_TARGET = 15.0;
				MTL_ENABLE_DEBUG_INFO = NO;
				MTL_FAST_MATH = YES;
				SDKROOT = iphoneos;
				SWIFT_COMPILATION_MODE = wholemodule;
				SWIFT_OPTIMIZATION_LEVEL = "-O";
				VALIDATE_PRODUCT = YES;
			};
			name = Release;
		};
		32457009291100AD005BDAEC /* Debug */ = {
			isa = XCBuildConfiguration;
			baseConfigurationReference = 9C01BBEA7C8412FC00F9740E /* Pods-PhotoLog.debug.xcconfig */;
			buildSettings = {
				ASSETCATALOG_COMPILER_APPICON_NAME = AppIcon;
				ASSETCATALOG_COMPILER_GLOBAL_ACCENT_COLOR_NAME = AccentColor;
				CODE_SIGN_ENTITLEMENTS = PhotoLog/PhotoLog.entitlements;
				CODE_SIGN_STYLE = Automatic;
				CURRENT_PROJECT_VERSION = 1;
				DEVELOPMENT_TEAM = CR5AN944TA;
				GENERATE_INFOPLIST_FILE = YES;
				INFOPLIST_FILE = PhotoLog/Info.plist;
				INFOPLIST_KEY_CFBundleDisplayName = PhotoLog;
				INFOPLIST_KEY_LSApplicationCategoryType = "public.app-category.lifestyle";
				INFOPLIST_KEY_UIApplicationSupportsIndirectInputEvents = YES;
				INFOPLIST_KEY_UILaunchStoryboardName = LaunchScreen;
				INFOPLIST_KEY_UIMainStoryboardFile = Main;
				INFOPLIST_KEY_UISupportedInterfaceOrientations_iPad = "UIInterfaceOrientationPortrait UIInterfaceOrientationPortraitUpsideDown UIInterfaceOrientationLandscapeLeft UIInterfaceOrientationLandscapeRight";
				INFOPLIST_KEY_UISupportedInterfaceOrientations_iPhone = "UIInterfaceOrientationPortrait UIInterfaceOrientationLandscapeLeft UIInterfaceOrientationLandscapeRight";
				LD_RUNPATH_SEARCH_PATHS = (
					"$(inherited)",
					"@executable_path/Frameworks",
				);
				MARKETING_VERSION = 1.0;
				PRODUCT_BUNDLE_IDENTIFIER = app.devlio.photolog;
				PRODUCT_NAME = "$(TARGET_NAME)";
				SUPPORTED_PLATFORMS = "iphoneos iphonesimulator";
				SUPPORTS_MACCATALYST = NO;
				SUPPORTS_MAC_DESIGNED_FOR_IPHONE_IPAD = NO;
				SWIFT_EMIT_LOC_STRINGS = YES;
				SWIFT_VERSION = 5.0;
				TARGETED_DEVICE_FAMILY = "1,2";
			};
			name = Debug;
		};
		3245700A291100AD005BDAEC /* Release */ = {
			isa = XCBuildConfiguration;
			baseConfigurationReference = 957DCE248137EB30E0F13B9E /* Pods-PhotoLog.release.xcconfig */;
			buildSettings = {
				ASSETCATALOG_COMPILER_APPICON_NAME = AppIcon;
				ASSETCATALOG_COMPILER_GLOBAL_ACCENT_COLOR_NAME = AccentColor;
				CODE_SIGN_ENTITLEMENTS = PhotoLog/PhotoLog.entitlements;
				CODE_SIGN_STYLE = Automatic;
				CURRENT_PROJECT_VERSION = 1;
				DEVELOPMENT_TEAM = CR5AN944TA;
				GENERATE_INFOPLIST_FILE = YES;
				INFOPLIST_FILE = PhotoLog/Info.plist;
				INFOPLIST_KEY_CFBundleDisplayName = PhotoLog;
				INFOPLIST_KEY_LSApplicationCategoryType = "public.app-category.lifestyle";
				INFOPLIST_KEY_UIApplicationSupportsIndirectInputEvents = YES;
				INFOPLIST_KEY_UILaunchStoryboardName = LaunchScreen;
				INFOPLIST_KEY_UIMainStoryboardFile = Main;
				INFOPLIST_KEY_UISupportedInterfaceOrientations_iPad = "UIInterfaceOrientationPortrait UIInterfaceOrientationPortraitUpsideDown UIInterfaceOrientationLandscapeLeft UIInterfaceOrientationLandscapeRight";
				INFOPLIST_KEY_UISupportedInterfaceOrientations_iPhone = "UIInterfaceOrientationPortrait UIInterfaceOrientationLandscapeLeft UIInterfaceOrientationLandscapeRight";
				LD_RUNPATH_SEARCH_PATHS = (
					"$(inherited)",
					"@executable_path/Frameworks",
				);
				MARKETING_VERSION = 1.0;
				PRODUCT_BUNDLE_IDENTIFIER = app.devlio.photolog;
				PRODUCT_NAME = "$(TARGET_NAME)";
				SUPPORTED_PLATFORMS = "iphoneos iphonesimulator";
				SUPPORTS_MACCATALYST = NO;
				SUPPORTS_MAC_DESIGNED_FOR_IPHONE_IPAD = NO;
				SWIFT_EMIT_LOC_STRINGS = YES;
				SWIFT_VERSION = 5.0;
				TARGETED_DEVICE_FAMILY = "1,2";
			};
			name = Release;
		};
/* End XCBuildConfiguration section */

/* Begin XCConfigurationList section */
		32456FEF291100AC005BDAEC /* Build configuration list for PBXProject "PhotoLog" */ = {
			isa = XCConfigurationList;
			buildConfigurations = (
				32457006291100AD005BDAEC /* Debug */,
				32457007291100AD005BDAEC /* Release */,
			);
			defaultConfigurationIsVisible = 0;
			defaultConfigurationName = Release;
		};
		32457008291100AD005BDAEC /* Build configuration list for PBXNativeTarget "PhotoLog" */ = {
			isa = XCConfigurationList;
			buildConfigurations = (
				32457009291100AD005BDAEC /* Debug */,
				3245700A291100AD005BDAEC /* Release */,
			);
			defaultConfigurationIsVisible = 0;
			defaultConfigurationName = Release;
		};
/* End XCConfigurationList section */
	};
	rootObject = 32456FEC291100AC005BDAEC /* Project object */;
}
